// !$*UTF8*$!
{
	archiveVersion = 1;
	classes = {
	};
	objectVersion = 56;
	objects = {

/* Begin PBXBuildFile section */
		DC15A4E32BADEC5F0044B873 /* FrameworkDetailsView.swift in Sources */ = {isa = PBXBuildFile; fileRef = DC15A4E22BADEC5F0044B873 /* FrameworkDetailsView.swift */; };
		DC15A4E52BADECFE0044B873 /* LearnMoreButtonView.swift in Sources */ = {isa = PBXBuildFile; fileRef = DC15A4E42BADECFE0044B873 /* LearnMoreButtonView.swift */; };
		DC15A4E72BADF0D00044B873 /* CloseButton.swift in Sources */ = {isa = PBXBuildFile; fileRef = DC15A4E62BADF0D00044B873 /* CloseButton.swift */; };
		DCBACF342BADDF4800C043A6 /* AppleFrameworksUIApp.swift in Sources */ = {isa = PBXBuildFile; fileRef = DCBACF332BADDF4800C043A6 /* AppleFrameworksUIApp.swift */; };
		DCBACF382BADDF4900C043A6 /* Assets.xcassets in Resources */ = {isa = PBXBuildFile; fileRef = DCBACF372BADDF4900C043A6 /* Assets.xcassets */; };
		DCBACF3B2BADDF4900C043A6 /* Preview Assets.xcassets in Resources */ = {isa = PBXBuildFile; fileRef = DCBACF3A2BADDF4900C043A6 /* Preview Assets.xcassets */; };
		DCBACF432BADE12700C043A6 /* Framework.swift in Sources */ = {isa = PBXBuildFile; fileRef = DCBACF422BADE12700C043A6 /* Framework.swift */; };
		DCBACF462BADE14E00C043A6 /* MockData.swift in Sources */ = {isa = PBXBuildFile; fileRef = DCBACF452BADE14E00C043A6 /* MockData.swift */; };
		DCBACF482BADE20700C043A6 /* FrameworkGridView.swift in Sources */ = {isa = PBXBuildFile; fileRef = DCBACF472BADE20700C043A6 /* FrameworkGridView.swift */; };
		DCBACF4B2BADE32800C043A6 /* FrameworkItemCell.swift in Sources */ = {isa = PBXBuildFile; fileRef = DCBACF4A2BADE32800C043A6 /* FrameworkItemCell.swift */; };
/* End PBXBuildFile section */

/* Begin PBXFileReference section */
		DC15A4E22BADEC5F0044B873 /* FrameworkDetailsView.swift */ = {isa = PBXFileReference; lastKnownFileType = sourcecode.swift; path = FrameworkDetailsView.swift; sourceTree = "<group>"; };
		DC15A4E42BADECFE0044B873 /* LearnMoreButtonView.swift */ = {isa = PBXFileReference; lastKnownFileType = sourcecode.swift; path = LearnMoreButtonView.swift; sourceTree = "<group>"; };
		DC15A4E62BADF0D00044B873 /* CloseButton.swift */ = {isa = PBXFileReference; lastKnownFileType = sourcecode.swift; path = CloseButton.swift; sourceTree = "<group>"; };
		DCBACF302BADDF4800C043A6 /* AppleFrameworksUI.app */ = {isa = PBXFileReference; explicitFileType = wrapper.application; includeInIndex = 0; path = AppleFrameworksUI.app; sourceTree = BUILT_PRODUCTS_DIR; };
		DCBACF332BADDF4800C043A6 /* AppleFrameworksUIApp.swift */ = {isa = PBXFileReference; lastKnownFileType = sourcecode.swift; path = AppleFrameworksUIApp.swift; sourceTree = "<group>"; };
		DCBACF372BADDF4900C043A6 /* Assets.xcassets */ = {isa = PBXFileReference; lastKnownFileType = folder.assetcatalog; path = Assets.xcassets; sourceTree = "<group>"; };
		DCBACF3A2BADDF4900C043A6 /* Preview Assets.xcassets */ = {isa = PBXFileReference; lastKnownFileType = folder.assetcatalog; path = "Preview Assets.xcassets"; sourceTree = "<group>"; };
		DCBACF422BADE12700C043A6 /* Framework.swift */ = {isa = PBXFileReference; lastKnownFileType = sourcecode.swift; path = Framework.swift; sourceTree = "<group>"; };
		DCBACF452BADE14E00C043A6 /* MockData.swift */ = {isa = PBXFileReference; lastKnownFileType = sourcecode.swift; path = MockData.swift; sourceTree = "<group>"; };
		DCBACF472BADE20700C043A6 /* FrameworkGridView.swift */ = {isa = PBXFileReference; lastKnownFileType = sourcecode.swift; path = FrameworkGridView.swift; sourceTree = "<group>"; };
		DCBACF4A2BADE32800C043A6 /* FrameworkItemCell.swift */ = {isa = PBXFileReference; lastKnownFileType = sourcecode.swift; path = FrameworkItemCell.swift; sourceTree = "<group>"; };
/* End PBXFileReference section */

/* Begin PBXFrameworksBuildPhase section */
		DCBACF2D2BADDF4800C043A6 /* Frameworks */ = {
			isa = PBXFrameworksBuildPhase;
			buildActionMask = 2147483647;
			files = (
			);
			runOnlyForDeploymentPostprocessing = 0;
		};
/* End PBXFrameworksBuildPhase section */

/* Begin PBXGroup section */
		DCBACF272BADDF4800C043A6 = {
			isa = PBXGroup;
			children = (
				DCBACF322BADDF4800C043A6 /* AppleFrameworksUI */,
				DCBACF312BADDF4800C043A6 /* Products */,
			);
			sourceTree = "<group>";
		};
		DCBACF312BADDF4800C043A6 /* Products */ = {
			isa = PBXGroup;
			children = (
				DCBACF302BADDF4800C043A6 /* AppleFrameworksUI.app */,
			);
			name = Products;
			sourceTree = "<group>";
		};
		DCBACF322BADDF4800C043A6 /* AppleFrameworksUI */ = {
			isa = PBXGroup;
			children = (
				DCBACF492BADE31700C043A6 /* Views */,
				DCBACF442BADE14400C043A6 /* MockData */,
				DCBACF412BADE11C00C043A6 /* Model */,
				DCBACF332BADDF4800C043A6 /* AppleFrameworksUIApp.swift */,
				DCBACF372BADDF4900C043A6 /* Assets.xcassets */,
				DCBACF392BADDF4900C043A6 /* Preview Content */,
				DCBACF472BADE20700C043A6 /* FrameworkGridView.swift */,
			);
			path = AppleFrameworksUI;
			sourceTree = "<group>";
		};
		DCBACF392BADDF4900C043A6 /* Preview Content */ = {
			isa = PBXGroup;
			children = (
				DCBACF3A2BADDF4900C043A6 /* Preview Assets.xcassets */,
			);
			path = "Preview Content";
			sourceTree = "<group>";
		};
		DCBACF412BADE11C00C043A6 /* Model */ = {
			isa = PBXGroup;
			children = (
				DCBACF422BADE12700C043A6 /* Framework.swift */,
			);
			path = Model;
			sourceTree = "<group>";
		};
		DCBACF442BADE14400C043A6 /* MockData */ = {
			isa = PBXGroup;
			children = (
				DCBACF452BADE14E00C043A6 /* MockData.swift */,
			);
			path = MockData;
			sourceTree = "<group>";
		};
		DCBACF492BADE31700C043A6 /* Views */ = {
			isa = PBXGroup;
			children = (
				DCBACF4A2BADE32800C043A6 /* FrameworkItemCell.swift */,
				DC15A4E22BADEC5F0044B873 /* FrameworkDetailsView.swift */,
				DC15A4E42BADECFE0044B873 /* LearnMoreButtonView.swift */,
				DC15A4E62BADF0D00044B873 /* CloseButton.swift */,
			);
			path = Views;
			sourceTree = "<group>";
		};
/* End PBXGroup section */

/* Begin PBXNativeTarget section */
		DCBACF2F2BADDF4800C043A6 /* AppleFrameworksUI */ = {
			isa = PBXNativeTarget;
			buildConfigurationList = DCBACF3E2BADDF4900C043A6 /* Build configuration list for PBXNativeTarget "AppleFrameworksUI" */;
			buildPhases = (
				DCBACF2C2BADDF4800C043A6 /* Sources */,
				DCBACF2D2BADDF4800C043A6 /* Frameworks */,
				DCBACF2E2BADDF4800C043A6 /* Resources */,
			);
			buildRules = (
			);
			dependencies = (
			);
			name = AppleFrameworksUI;
			productName = AppleFrameworksUI;
			productReference = DCBACF302BADDF4800C043A6 /* AppleFrameworksUI.app */;
			productType = "com.apple.product-type.application";
		};
/* End PBXNativeTarget section */

/* Begin PBXProject section */
		DCBACF282BADDF4800C043A6 /* Project object */ = {
			isa = PBXProject;
			attributes = {
				BuildIndependentTargetsInParallel = 1;
				LastSwiftUpdateCheck = 1530;
				LastUpgradeCheck = 1530;
				TargetAttributes = {
					DCBACF2F2BADDF4800C043A6 = {
						CreatedOnToolsVersion = 15.3;
					};
				};
			};
			buildConfigurationList = DCBACF2B2BADDF4800C043A6 /* Build configuration list for PBXProject "AppleFrameworksUI" */;
			compatibilityVersion = "Xcode 14.0";
			developmentRegion = en;
			hasScannedForEncodings = 0;
			knownRegions = (
				en,
				Base,
			);
			mainGroup = DCBACF272BADDF4800C043A6;
			productRefGroup = DCBACF312BADDF4800C043A6 /* Products */;
			projectDirPath = "";
			projectRoot = "";
			targets = (
				DCBACF2F2BADDF4800C043A6 /* AppleFrameworksUI */,
			);
		};
/* End PBXProject section */

/* Begin PBXResourcesBuildPhase section */
		DCBACF2E2BADDF4800C043A6 /* Resources */ = {
			isa = PBXResourcesBuildPhase;
			buildActionMask = 2147483647;
			files = (
				DCBACF3B2BADDF4900C043A6 /* Preview Assets.xcassets in Resources */,
				DCBACF382BADDF4900C043A6 /* Assets.xcassets in Resources */,
			);
			runOnlyForDeploymentPostprocessing = 0;
		};
/* End PBXResourcesBuildPhase section */

/* Begin PBXSourcesBuildPhase section */
		DCBACF2C2BADDF4800C043A6 /* Sources */ = {
			isa = PBXSourcesBuildPhase;
			buildActionMask = 2147483647;
			files = (
				DCBACF462BADE14E00C043A6 /* MockData.swift in Sources */,
				DCBACF482BADE20700C043A6 /* FrameworkGridView.swift in Sources */,
				DC15A4E32BADEC5F0044B873 /* FrameworkDetailsView.swift in Sources */,
				DCBACF432BADE12700C043A6 /* Framework.swift in Sources */,
				DCBACF4B2BADE32800C043A6 /* FrameworkItemCell.swift in Sources */,
				DCBACF342BADDF4800C043A6 /* AppleFrameworksUIApp.swift in Sources */,
				DC15A4E72BADF0D00044B873 /* CloseButton.swift in Sources */,
				DC15A4E52BADECFE0044B873 /* LearnMoreButtonView.swift in Sources */,
			);
			runOnlyForDeploymentPostprocessing = 0;
		};
/* End PBXSourcesBuildPhase section */

/* Begin XCBuildConfiguration section */
		DCBACF3C2BADDF4900C043A6 /* Debug */ = {
			isa = XCBuildConfiguration;
			buildSettings = {
				ALWAYS_SEARCH_USER_PATHS = NO;
				ASSETCATALOG_COMPILER_GENERATE_SWIFT_ASSET_SYMBOL_EXTENSIONS = YES;
				CLANG_ANALYZER_NONNULL = YES;
				CLANG_ANALYZER_NUMBER_OBJECT_CONVERSION = YES_AGGRESSIVE;
				CLANG_CXX_LANGUAGE_STANDARD = "gnu++20";
				CLANG_ENABLE_MODULES = YES;
				CLANG_ENABLE_OBJC_ARC = YES;
				CLANG_ENABLE_OBJC_WEAK = YES;
				CLANG_WARN_BLOCK_CAPTURE_AUTORELEASING = YES;
				CLANG_WARN_BOOL_CONVERSION = YES;
				CLANG_WARN_COMMA = YES;
				CLANG_WARN_CONSTANT_CONVERSION = YES;
				CLANG_WARN_DEPRECATED_OBJC_IMPLEMENTATIONS = YES;
				CLANG_WARN_DIRECT_OBJC_ISA_USAGE = YES_ERROR;
				CLANG_WARN_DOCUMENTATION_COMMENTS = YES;
				CLANG_WARN_EMPTY_BODY = YES;
				CLANG_WARN_ENUM_CONVERSION = YES;
				CLANG_WARN_INFINITE_RECURSION = YES;
				CLANG_WARN_INT_CONVERSION = YES;
				CLANG_WARN_NON_LITERAL_NULL_CONVERSION = YES;
				CLANG_WARN_OBJC_IMPLICIT_RETAIN_SELF = YES;
				CLANG_WARN_OBJC_LITERAL_CONVERSION = YES;
				CLANG_WARN_OBJC_ROOT_CLASS = YES_ERROR;
				CLANG_WARN_QUOTED_INCLUDE_IN_FRAMEWORK_HEADER = YES;
				CLANG_WARN_RANGE_LOOP_ANALYSIS = YES;
				CLANG_WARN_STRICT_PROTOTYPES = YES;
				CLANG_WARN_SUSPICIOUS_MOVE = YES;
				CLANG_WARN_UNGUARDED_AVAILABILITY = YES_AGGRESSIVE;
				CLANG_WARN_UNREACHABLE_CODE = YES;
				CLANG_WARN__DUPLICATE_METHOD_MATCH = YES;
				COPY_PHASE_STRIP = NO;
				DEBUG_INFORMATION_FORMAT = dwarf;
				ENABLE_STRICT_OBJC_MSGSEND = YES;
				ENABLE_TESTABILITY = YES;
				ENABLE_USER_SCRIPT_SANDBOXING = YES;
				GCC_C_LANGUAGE_STANDARD = gnu17;
				GCC_DYNAMIC_NO_PIC = NO;
				GCC_NO_COMMON_BLOCKS = YES;
				GCC_OPTIMIZATION_LEVEL = 0;
				GCC_PREPROCESSOR_DEFINITIONS = (
					"DEBUG=1",
					"$(inherited)",
				);
				GCC_WARN_64_TO_32_BIT_CONVERSION = YES;
				GCC_WARN_ABOUT_RETURN_TYPE = YES_ERROR;
				GCC_WARN_UNDECLARED_SELECTOR = YES;
				GCC_WARN_UNINITIALIZED_AUTOS = YES_AGGRESSIVE;
				GCC_WARN_UNUSED_FUNCTION = YES;
				GCC_WARN_UNUSED_VARIABLE = YES;
				IPHONEOS_DEPLOYMENT_TARGET = 17.4;
				LOCALIZATION_PREFERS_STRING_CATALOGS = YES;
				MTL_ENABLE_DEBUG_INFO = INCLUDE_SOURCE;
				MTL_FAST_MATH = YES;
				ONLY_ACTIVE_ARCH = YES;
				SDKROOT = iphoneos;
				SWIFT_ACTIVE_COMPILATION_CONDITIONS = "DEBUG $(inherited)";
				SWIFT_OPTIMIZATION_LEVEL = "-Onone";
			};
			name = Debug;
		};
		DCBACF3D2BADDF4900C043A6 /* Release */ = {
			isa = XCBuildConfiguration;
			buildSettings = {
				ALWAYS_SEARCH_USER_PATHS = NO;
				ASSETCATALOG_COMPILER_GENERATE_SWIFT_ASSET_SYMBOL_EXTENSIONS = YES;
				CLANG_ANALYZER_NONNULL = YES;
				CLANG_ANALYZER_NUMBER_OBJECT_CONVERSION = YES_AGGRESSIVE;
				CLANG_CXX_LANGUAGE_STANDARD = "gnu++20";
				CLANG_ENABLE_MODULES = YES;
				CLANG_ENABLE_OBJC_ARC = YES;
				CLANG_ENABLE_OBJC_WEAK = YES;
				CLANG_WARN_BLOCK_CAPTURE_AUTORELEASING = YES;
				CLANG_WARN_BOOL_CONVERSION = YES;
				CLANG_WARN_COMMA = YES;
				CLANG_WARN_CONSTANT_CONVERSION = YES;
				CLANG_WARN_DEPRECATED_OBJC_IMPLEMENTATIONS = YES;
				CLANG_WARN_DIRECT_OBJC_ISA_USAGE = YES_ERROR;
				CLANG_WARN_DOCUMENTATION_COMMENTS = YES;
				CLANG_WARN_EMPTY_BODY = YES;
				CLANG_WARN_ENUM_CONVERSION = YES;
				CLANG_WARN_INFINITE_RECURSION = YES;
				CLANG_WARN_INT_CONVERSION = YES;
				CLANG_WARN_NON_LITERAL_NULL_CONVERSION = YES;
				CLANG_WARN_OBJC_IMPLICIT_RETAIN_SELF = YES;
				CLANG_WARN_OBJC_LITERAL_CONVERSION = YES;
				CLANG_WARN_OBJC_ROOT_CLASS = YES_ERROR;
				CLANG_WARN_QUOTED_INCLUDE_IN_FRAMEWORK_HEADER = YES;
				CLANG_WARN_RANGE_LOOP_ANALYSIS = YES;
				CLANG_WARN_STRICT_PROTOTYPES = YES;
				CLANG_WARN_SUSPICIOUS_MOVE = YES;
				CLANG_WARN_UNGUARDED_AVAILABILITY = YES_AGGRESSIVE;
				CLANG_WARN_UNREACHABLE_CODE = YES;
				CLANG_WARN__DUPLICATE_METHOD_MATCH = YES;
				COPY_PHASE_STRIP = NO;
				DEBUG_INFORMATION_FORMAT = "dwarf-with-dsym";
				ENABLE_NS_ASSERTIONS = NO;
				ENABLE_STRICT_OBJC_MSGSEND = YES;
				ENABLE_USER_SCRIPT_SANDBOXING = YES;
				GCC_C_LANGUAGE_STANDARD = gnu17;
				GCC_NO_COMMON_BLOCKS = YES;
				GCC_WARN_64_TO_32_BIT_CONVERSION = YES;
				GCC_WARN_ABOUT_RETURN_TYPE = YES_ERROR;
				GCC_WARN_UNDECLARED_SELECTOR = YES;
				GCC_WARN_UNINITIALIZED_AUTOS = YES_AGGRESSIVE;
				GCC_WARN_UNUSED_FUNCTION = YES;
				GCC_WARN_UNUSED_VARIABLE = YES;
				IPHONEOS_DEPLOYMENT_TARGET = 17.4;
				LOCALIZATION_PREFERS_STRING_CATALOGS = YES;
				MTL_ENABLE_DEBUG_INFO = NO;
				MTL_FAST_MATH = YES;
				SDKROOT = iphoneos;
				SWIFT_COMPILATION_MODE = wholemodule;
				VALIDATE_PRODUCT = YES;
			};
			name = Release;
		};
		DCBACF3F2BADDF4900C043A6 /* Debug */ = {
			isa = XCBuildConfiguration;
			buildSettings = {
				ASSETCATALOG_COMPILER_APPICON_NAME = AppIcon;
				ASSETCATALOG_COMPILER_GLOBAL_ACCENT_COLOR_NAME = AccentColor;
				CODE_SIGN_STYLE = Automatic;
				CURRENT_PROJECT_VERSION = 1;
				DEVELOPMENT_ASSET_PATHS = "\"AppleFrameworksUI/Preview Content\"";
				DEVELOPMENT_TEAM = 5H7QL83244;
				ENABLE_PREVIEWS = YES;
				GENERATE_INFOPLIST_FILE = YES;
				INFOPLIST_KEY_UIApplicationSceneManifest_Generation = YES;
				INFOPLIST_KEY_UIApplicationSupportsIndirectInputEvents = YES;
				INFOPLIST_KEY_UILaunchScreen_Generation = YES;
				INFOPLIST_KEY_UISupportedInterfaceOrientations_iPad = "UIInterfaceOrientationPortrait UIInterfaceOrientationPortraitUpsideDown UIInterfaceOrientationLandscapeLeft UIInterfaceOrientationLandscapeRight";
				INFOPLIST_KEY_UISupportedInterfaceOrientations_iPhone = "UIInterfaceOrientationPortrait UIInterfaceOrientationLandscapeLeft UIInterfaceOrientationLandscapeRight";
				LD_RUNPATH_SEARCH_PATHS = (
					"$(inherited)",
					"@executable_path/Frameworks",
				);
				MARKETING_VERSION = 1.0;
				PRODUCT_BUNDLE_IDENTIFIER = com.avijeet.AppleFrameworksUI;
				PRODUCT_NAME = "$(TARGET_NAME)";
				SWIFT_EMIT_LOC_STRINGS = YES;
				SWIFT_VERSION = 5.0;
				TARGETED_DEVICE_FAMILY = "1,2";
			};
			name = Debug;
		};
		DCBACF402BADDF4900C043A6 /* Release */ = {
			isa = XCBuildConfiguration;
			buildSettings = {
				ASSETCATALOG_COMPILER_APPICON_NAME = AppIcon;
				ASSETCATALOG_COMPILER_GLOBAL_ACCENT_COLOR_NAME = AccentColor;
				CODE_SIGN_STYLE = Automatic;
				CURRENT_PROJECT_VERSION = 1;
				DEVELOPMENT_ASSET_PATHS = "\"AppleFrameworksUI/Preview Content\"";
				DEVELOPMENT_TEAM = 5H7QL83244;
				ENABLE_PREVIEWS = YES;
				GENERATE_INFOPLIST_FILE = YES;
				INFOPLIST_KEY_UIApplicationSceneManifest_Generation = YES;
				INFOPLIST_KEY_UIApplicationSupportsIndirectInputEvents = YES;
				INFOPLIST_KEY_UILaunchScreen_Generation = YES;
				INFOPLIST_KEY_UISupportedInterfaceOrientations_iPad = "UIInterfaceOrientationPortrait UIInterfaceOrientationPortraitUpsideDown UIInterfaceOrientationLandscapeLeft UIInterfaceOrientationLandscapeRight";
				INFOPLIST_KEY_UISupportedInterfaceOrientations_iPhone = "UIInterfaceOrientationPortrait UIInterfaceOrientationLandscapeLeft UIInterfaceOrientationLandscapeRight";
				LD_RUNPATH_SEARCH_PATHS = (
					"$(inherited)",
					"@executable_path/Frameworks",
				);
				MARKETING_VERSION = 1.0;
				PRODUCT_BUNDLE_IDENTIFIER = com.avijeet.AppleFrameworksUI;
				PRODUCT_NAME = "$(TARGET_NAME)";
				SWIFT_EMIT_LOC_STRINGS = YES;
				SWIFT_VERSION = 5.0;
				TARGETED_DEVICE_FAMILY = "1,2";
			};
			name = Release;
		};
/* End XCBuildConfiguration section */

/* Begin XCConfigurationList section */
		DCBACF2B2BADDF4800C043A6 /* Build configuration list for PBXProject "AppleFrameworksUI" */ = {
			isa = XCConfigurationList;
			buildConfigurations = (
				DCBACF3C2BADDF4900C043A6 /* Debug */,
				DCBACF3D2BADDF4900C043A6 /* Release */,
			);
			defaultConfigurationIsVisible = 0;
			defaultConfigurationName = Release;
		};
		DCBACF3E2BADDF4900C043A6 /* Build configuration list for PBXNativeTarget "AppleFrameworksUI" */ = {
			isa = XCConfigurationList;
			buildConfigurations = (
				DCBACF3F2BADDF4900C043A6 /* Debug */,
				DCBACF402BADDF4900C043A6 /* Release */,
			);
			defaultConfigurationIsVisible = 0;
			defaultConfigurationName = Release;
		};
/* End XCConfigurationList section */
	};
	rootObject = DCBACF282BADDF4800C043A6 /* Project object */;
}
